
Microsoft Visual Studio Solution File, Format Version 12.00
# Visual Studio 15
VisualStudioVersion = 15.0.28010.2019
MinimumVisualStudioVersion = 10.0.40219.1
Project("{FAE04EC0-301F-11D3-BF4B-00C04F79EFBC}") = "GoBangXamarin.Android", "GoBangXamarin\GoBangXamarin.Android\GoBangXamarin.Android.csproj", "{38ED22A0-F7BF-462B-8CCC-A168F6D4B28F}"
EndProject
Project("{FAE04EC0-301F-11D3-BF4B-00C04F79EFBC}") = "GoBangXamarin.iOS", "GoBangXamarin\GoBangXamarin.iOS\GoBangXamarin.iOS.csproj", "{FA1ED759-7768-4608-98F7-88EBDC58A948}"
EndProject
Project("{FAE04EC0-301F-11D3-BF4B-00C04F79EFBC}") = "GoBangXamarin.UWP", "GoBangXamarin\GoBangXamarin.UWP\GoBangXamarin.UWP.csproj", "{9E2500CD-BA8C-489B-A6A3-7A887326117B}"
EndProject
Project("{FAE04EC0-301F-11D3-BF4B-00C04F79EFBC}") = "GoBangXamarin", "GoBangXamarin\GoBangXamarin\GoBangXamarin.csproj", "{4FA2B53A-E764-4658-B094-069EF8B286B8}"
EndProject
Project("{9A19103F-16F7-4668-BE54-9A1E7A4F7556}") = "GoBangCL.Standard", "GoBangXamarin\GoBangCL.Standard\GoBangCL.Standard.csproj", "{78E0617B-D4C9-45C3-A4A6-0F970ADD0BAE}"
EndProject
Global
	GlobalSection(SolutionConfigurationPlatforms) = preSolution
		Ad-Hoc|Any CPU = Ad-Hoc|Any CPU
		Ad-Hoc|ARM = Ad-Hoc|ARM
		Ad-Hoc|iPhone = Ad-Hoc|iPhone
		Ad-Hoc|iPhoneSimulator = Ad-Hoc|iPhoneSimulator
		Ad-Hoc|x64 = Ad-Hoc|x64
		Ad-Hoc|x86 = Ad-Hoc|x86
		AppStore|Any CPU = AppStore|Any CPU
		AppStore|ARM = AppStore|ARM
		AppStore|iPhone = AppStore|iPhone
		AppStore|iPhoneSimulator = AppStore|iPhoneSimulator
		AppStore|x64 = AppStore|x64
		AppStore|x86 = AppStore|x86
		Debug|Any CPU = Debug|Any CPU
		Debug|ARM = Debug|ARM
		Debug|iPhone = Debug|iPhone
		Debug|iPhoneSimulator = Debug|iPhoneSimulator
		Debug|x64 = Debug|x64
		Debug|x86 = Debug|x86
		Release|Any CPU = Release|Any CPU
		Release|ARM = Release|ARM
		Release|iPhone = Release|iPhone
		Release|iPhoneSimulator = Release|iPhoneSimulator
		Release|x64 = Release|x64
		Release|x86 = Release|x86
	EndGlobalSection
	GlobalSection(ProjectConfigurationPlatforms) = postSolution
		{38ED22A0-F7BF-462B-8CCC-A168F6D4B28F}.Ad-Hoc|Any CPU.ActiveCfg = Release|Any CPU
		{38ED22A0-F7BF-462B-8CCC-A168F6D4B28F}.Ad-Hoc|Any CPU.Build.0 = Release|Any CPU
		{38ED22A0-F7BF-462B-8CCC-A168F6D4B28F}.Ad-Hoc|Any CPU.Deploy.0 = Release|Any CPU
		{38ED22A0-F7BF-462B-8CCC-A168F6D4B28F}.Ad-Hoc|ARM.ActiveCfg = Release|Any CPU
		{38ED22A0-F7BF-462B-8CCC-A168F6D4B28F}.Ad-Hoc|ARM.Build.0 = Release|Any CPU
		{38ED22A0-F7BF-462B-8CCC-A168F6D4B28F}.Ad-Hoc|ARM.Deploy.0 = Release|Any CPU
		{38ED22A0-F7BF-462B-8CCC-A168F6D4B28F}.Ad-Hoc|iPhone.ActiveCfg = Release|Any CPU
		{38ED22A0-F7BF-462B-8CCC-A168F6D4B28F}.Ad-Hoc|iPhone.Build.0 = Release|Any CPU
		{38ED22A0-F7BF-462B-8CCC-A168F6D4B28F}.Ad-Hoc|iPhone.Deploy.0 = Release|Any CPU
		{38ED22A0-F7BF-462B-8CCC-A168F6D4B28F}.Ad-Hoc|iPhoneSimulator.ActiveCfg = Release|Any CPU
		{38ED22A0-F7BF-462B-8CCC-A168F6D4B28F}.Ad-Hoc|iPhoneSimulator.Build.0 = Release|Any CPU
		{38ED22A0-F7BF-462B-8CCC-A168F6D4B28F}.Ad-Hoc|iPhoneSimulator.Deploy.0 = Release|Any CPU
		{38ED22A0-F7BF-462B-8CCC-A168F6D4B28F}.Ad-Hoc|x64.ActiveCfg = Release|Any CPU
		{38ED22A0-F7BF-462B-8CCC-A168F6D4B28F}.Ad-Hoc|x64.Build.0 = Release|Any CPU
		{38ED22A0-F7BF-462B-8CCC-A168F6D4B28F}.Ad-Hoc|x64.Deploy.0 = Release|Any CPU
		{38ED22A0-F7BF-462B-8CCC-A168F6D4B28F}.Ad-Hoc|x86.ActiveCfg = Release|Any CPU
		{38ED22A0-F7BF-462B-8CCC-A168F6D4B28F}.Ad-Hoc|x86.Build.0 = Release|Any CPU
		{38ED22A0-F7BF-462B-8CCC-A168F6D4B28F}.Ad-Hoc|x86.Deploy.0 = Release|Any CPU
		{38ED22A0-F7BF-462B-8CCC-A168F6D4B28F}.AppStore|Any CPU.ActiveCfg = Release|Any CPU
		{38ED22A0-F7BF-462B-8CCC-A168F6D4B28F}.AppStore|Any CPU.Build.0 = Release|Any CPU
		{38ED22A0-F7BF-462B-8CCC-A168F6D4B28F}.AppStore|Any CPU.Deploy.0 = Release|Any CPU
		{38ED22A0-F7BF-462B-8CCC-A168F6D4B28F}.AppStore|ARM.ActiveCfg = Release|Any CPU
		{38ED22A0-F7BF-462B-8CCC-A168F6D4B28F}.AppStore|ARM.Build.0 = Release|Any CPU
		{38ED22A0-F7BF-462B-8CCC-A168F6D4B28F}.AppStore|ARM.Deploy.0 = Release|Any CPU
		{38ED22A0-F7BF-462B-8CCC-A168F6D4B28F}.AppStore|iPhone.ActiveCfg = Release|Any CPU
		{38ED22A0-F7BF-462B-8CCC-A168F6D4B28F}.AppStore|iPhone.Build.0 = Release|Any CPU
		{38ED22A0-F7BF-462B-8CCC-A168F6D4B28F}.AppStore|iPhone.Deploy.0 = Release|Any CPU
		{38ED22A0-F7BF-462B-8CCC-A168F6D4B28F}.AppStore|iPhoneSimulator.ActiveCfg = Release|Any CPU
		{38ED22A0-F7BF-462B-8CCC-A168F6D4B28F}.AppStore|iPhoneSimulator.Build.0 = Release|Any CPU
		{38ED22A0-F7BF-462B-8CCC-A168F6D4B28F}.AppStore|iPhoneSimulator.Deploy.0 = Release|Any CPU
		{38ED22A0-F7BF-462B-8CCC-A168F6D4B28F}.AppStore|x64.ActiveCfg = Release|Any CPU
		{38ED22A0-F7BF-462B-8CCC-A168F6D4B28F}.AppStore|x64.Build.0 = Release|Any CPU
		{38ED22A0-F7BF-462B-8CCC-A168F6D4B28F}.AppStore|x64.Deploy.0 = Release|Any CPU
		{38ED22A0-F7BF-462B-8CCC-A168F6D4B28F}.AppStore|x86.ActiveCfg = Release|Any CPU
		{38ED22A0-F7BF-462B-8CCC-A168F6D4B28F}.AppStore|x86.Build.0 = Release|Any CPU
		{38ED22A0-F7BF-462B-8CCC-A168F6D4B28F}.AppStore|x86.Deploy.0 = Release|Any CPU
		{38ED22A0-F7BF-462B-8CCC-A168F6D4B28F}.Debug|Any CPU.ActiveCfg = Debug|Any CPU
		{38ED22A0-F7BF-462B-8CCC-A168F6D4B28F}.Debug|Any CPU.Build.0 = Debug|Any CPU
		{38ED22A0-F7BF-462B-8CCC-A168F6D4B28F}.Debug|Any CPU.Deploy.0 = Debug|Any CPU
		{38ED22A0-F7BF-462B-8CCC-A168F6D4B28F}.Debug|ARM.ActiveCfg = Debug|Any CPU
		{38ED22A0-F7BF-462B-8CCC-A168F6D4B28F}.Debug|ARM.Build.0 = Debug|Any CPU
		{38ED22A0-F7BF-462B-8CCC-A168F6D4B28F}.Debug|ARM.Deploy.0 = Debug|Any CPU
		{38ED22A0-F7BF-462B-8CCC-A168F6D4B28F}.Debug|iPhone.ActiveCfg = Debug|Any CPU
		{38ED22A0-F7BF-462B-8CCC-A168F6D4B28F}.Debug|iPhone.Build.0 = Debug|Any CPU
		{38ED22A0-F7BF-462B-8CCC-A168F6D4B28F}.Debug|iPhone.Deploy.0 = Debug|Any CPU
		{38ED22A0-F7BF-462B-8CCC-A168F6D4B28F}.Debug|iPhoneSimulator.ActiveCfg = Debug|Any CPU
		{38ED22A0-F7BF-462B-8CCC-A168F6D4B28F}.Debug|iPhoneSimulator.Build.0 = Debug|Any CPU
		{38ED22A0-F7BF-462B-8CCC-A168F6D4B28F}.Debug|iPhoneSimulator.Deploy.0 = Debug|Any CPU
		{38ED22A0-F7BF-462B-8CCC-A168F6D4B28F}.Debug|x64.ActiveCfg = Debug|Any CPU
		{38ED22A0-F7BF-462B-8CCC-A168F6D4B28F}.Debug|x64.Build.0 = Debug|Any CPU
		{38ED22A0-F7BF-462B-8CCC-A168F6D4B28F}.Debug|x64.Deploy.0 = Debug|Any CPU
		{38ED22A0-F7BF-462B-8CCC-A168F6D4B28F}.Debug|x86.ActiveCfg = Debug|Any CPU
		{38ED22A0-F7BF-462B-8CCC-A168F6D4B28F}.Debug|x86.Build.0 = Debug|Any CPU
		{38ED22A0-F7BF-462B-8CCC-A168F6D4B28F}.Debug|x86.Deploy.0 = Debug|Any CPU
		{38ED22A0-F7BF-462B-8CCC-A168F6D4B28F}.Release|Any CPU.ActiveCfg = Release|Any CPU
		{38ED22A0-F7BF-462B-8CCC-A168F6D4B28F}.Release|Any CPU.Build.0 = Release|Any CPU
		{38ED22A0-F7BF-462B-8CCC-A168F6D4B28F}.Release|Any CPU.Deploy.0 = Release|Any CPU
		{38ED22A0-F7BF-462B-8CCC-A168F6D4B28F}.Release|ARM.ActiveCfg = Release|Any CPU
		{38ED22A0-F7BF-462B-8CCC-A168F6D4B28F}.Release|ARM.Build.0 = Release|Any CPU
		{38ED22A0-F7BF-462B-8CCC-A168F6D4B28F}.Release|ARM.Deploy.0 = Release|Any CPU
		{38ED22A0-F7BF-462B-8CCC-A168F6D4B28F}.Release|iPhone.ActiveCfg = Release|Any CPU
		{38ED22A0-F7BF-462B-8CCC-A168F6D4B28F}.Release|iPhone.Build.0 = Release|Any CPU
		{38ED22A0-F7BF-462B-8CCC-A168F6D4B28F}.Release|iPhone.Deploy.0 = Release|Any CPU
		{38ED22A0-F7BF-462B-8CCC-A168F6D4B28F}.Release|iPhoneSimulator.ActiveCfg = Release|Any CPU
		{38ED22A0-F7BF-462B-8CCC-A168F6D4B28F}.Release|iPhoneSimulator.Build.0 = Release|Any CPU
		{38ED22A0-F7BF-462B-8CCC-A168F6D4B28F}.Release|iPhoneSimulator.Deploy.0 = Release|Any CPU
		{38ED22A0-F7BF-462B-8CCC-A168F6D4B28F}.Release|x64.ActiveCfg = Release|Any CPU
		{38ED22A0-F7BF-462B-8CCC-A168F6D4B28F}.Release|x64.Build.0 = Release|Any CPU
		{38ED22A0-F7BF-462B-8CCC-A168F6D4B28F}.Release|x64.Deploy.0 = Release|Any CPU
		{38ED22A0-F7BF-462B-8CCC-A168F6D4B28F}.Release|x86.ActiveCfg = Release|Any CPU
		{38ED22A0-F7BF-462B-8CCC-A168F6D4B28F}.Release|x86.Build.0 = Release|Any CPU
		{38ED22A0-F7BF-462B-8CCC-A168F6D4B28F}.Release|x86.Deploy.0 = Release|Any CPU
		{FA1ED759-7768-4608-98F7-88EBDC58A948}.Ad-Hoc|Any CPU.ActiveCfg = Ad-Hoc|iPhone
		{FA1ED759-7768-4608-98F7-88EBDC58A948}.Ad-Hoc|Any CPU.Build.0 = Ad-Hoc|iPhone
		{FA1ED759-7768-4608-98F7-88EBDC58A948}.Ad-Hoc|Any CPU.Deploy.0 = Ad-Hoc|iPhone
		{FA1ED759-7768-4608-98F7-88EBDC58A948}.Ad-Hoc|ARM.ActiveCfg = Ad-Hoc|iPhone
		{FA1ED759-7768-4608-98F7-88EBDC58A948}.Ad-Hoc|ARM.Build.0 = Ad-Hoc|iPhone
		{FA1ED759-7768-4608-98F7-88EBDC58A948}.Ad-Hoc|ARM.Deploy.0 = Ad-Hoc|iPhone
		{FA1ED759-7768-4608-98F7-88EBDC58A948}.Ad-Hoc|iPhone.ActiveCfg = Ad-Hoc|iPhone
		{FA1ED759-7768-4608-98F7-88EBDC58A948}.Ad-Hoc|iPhone.Build.0 = Ad-Hoc|iPhone
		{FA1ED759-7768-4608-98F7-88EBDC58A948}.Ad-Hoc|iPhone.Deploy.0 = Ad-Hoc|iPhone
		{FA1ED759-7768-4608-98F7-88EBDC58A948}.Ad-Hoc|iPhoneSimulator.ActiveCfg = Ad-Hoc|iPhoneSimulator
		{FA1ED759-7768-4608-98F7-88EBDC58A948}.Ad-Hoc|iPhoneSimulator.Build.0 = Ad-Hoc|iPhoneSimulator
		{FA1ED759-7768-4608-98F7-88EBDC58A948}.Ad-Hoc|iPhoneSimulator.Deploy.0 = Ad-Hoc|iPhoneSimulator
		{FA1ED759-7768-4608-98F7-88EBDC58A948}.Ad-Hoc|x64.ActiveCfg = Ad-Hoc|iPhone
		{FA1ED759-7768-4608-98F7-88EBDC58A948}.Ad-Hoc|x64.Build.0 = Ad-Hoc|iPhone
		{FA1ED759-7768-4608-98F7-88EBDC58A948}.Ad-Hoc|x64.Deploy.0 = Ad-Hoc|iPhone
		{FA1ED759-7768-4608-98F7-88EBDC58A948}.Ad-Hoc|x86.ActiveCfg = Ad-Hoc|iPhone
		{FA1ED759-7768-4608-98F7-88EBDC58A948}.Ad-Hoc|x86.Build.0 = Ad-Hoc|iPhone
		{FA1ED759-7768-4608-98F7-88EBDC58A948}.Ad-Hoc|x86.Deploy.0 = Ad-Hoc|iPhone
		{FA1ED759-7768-4608-98F7-88EBDC58A948}.AppStore|Any CPU.ActiveCfg = AppStore|iPhone
		{FA1ED759-7768-4608-98F7-88EBDC58A948}.AppStore|Any CPU.Build.0 = AppStore|iPhone
		{FA1ED759-7768-4608-98F7-88EBDC58A948}.AppStore|Any CPU.Deploy.0 = AppStore|iPhone
		{FA1ED759-7768-4608-98F7-88EBDC58A948}.AppStore|ARM.ActiveCfg = AppStore|iPhone
		{FA1ED759-7768-4608-98F7-88EBDC58A948}.AppStore|ARM.Build.0 = AppStore|iPhone
		{FA1ED759-7768-4608-98F7-88EBDC58A948}.AppStore|ARM.Deploy.0 = AppStore|iPhone
		{FA1ED759-7768-4608-98F7-88EBDC58A948}.AppStore|iPhone.ActiveCfg = AppStore|iPhone
		{FA1ED759-7768-4608-98F7-88EBDC58A948}.AppStore|iPhone.Build.0 = AppStore|iPhone
		{FA1ED759-7768-4608-98F7-88EBDC58A948}.AppStore|iPhone.Deploy.0 = AppStore|iPhone
		{FA1ED759-7768-4608-98F7-88EBDC58A948}.AppStore|iPhoneSimulator.ActiveCfg = AppStore|iPhoneSimulator
		{FA1ED759-7768-4608-98F7-88EBDC58A948}.AppStore|iPhoneSimulator.Build.0 = AppStore|iPhoneSimulator
		{FA1ED759-7768-4608-98F7-88EBDC58A948}.AppStore|iPhoneSimulator.Deploy.0 = AppStore|iPhoneSimulator
		{FA1ED759-7768-4608-98F7-88EBDC58A948}.AppStore|x64.ActiveCfg = AppStore|iPhone
		{FA1ED759-7768-4608-98F7-88EBDC58A948}.AppStore|x64.Build.0 = AppStore|iPhone
		{FA1ED759-7768-4608-98F7-88EBDC58A948}.AppStore|x64.Deploy.0 = AppStore|iPhone
		{FA1ED759-7768-4608-98F7-88EBDC58A948}.AppStore|x86.ActiveCfg = AppStore|iPhone
		{FA1ED759-7768-4608-98F7-88EBDC58A948}.AppStore|x86.Build.0 = AppStore|iPhone
		{FA1ED759-7768-4608-98F7-88EBDC58A948}.AppStore|x86.Deploy.0 = AppStore|iPhone
		{FA1ED759-7768-4608-98F7-88EBDC58A948}.Debug|Any CPU.ActiveCfg = Debug|iPhoneSimulator
		{FA1ED759-7768-4608-98F7-88EBDC58A948}.Debug|Any CPU.Build.0 = Debug|iPhoneSimulator
		{FA1ED759-7768-4608-98F7-88EBDC58A948}.Debug|Any CPU.Deploy.0 = Debug|iPhoneSimulator
		{FA1ED759-7768-4608-98F7-88EBDC58A948}.Debug|ARM.ActiveCfg = Debug|iPhone
		{FA1ED759-7768-4608-98F7-88EBDC58A948}.Debug|ARM.Build.0 = Debug|iPhone
		{FA1ED759-7768-4608-98F7-88EBDC58A948}.Debug|ARM.Deploy.0 = Debug|iPhone
		{FA1ED759-7768-4608-98F7-88EBDC58A948}.Debug|iPhone.ActiveCfg = Debug|iPhone
		{FA1ED759-7768-4608-98F7-88EBDC58A948}.Debug|iPhone.Build.0 = Debug|iPhone
		{FA1ED759-7768-4608-98F7-88EBDC58A948}.Debug|iPhone.Deploy.0 = Debug|iPhone
		{FA1ED759-7768-4608-98F7-88EBDC58A948}.Debug|iPhoneSimulator.ActiveCfg = Debug|iPhoneSimulator
		{FA1ED759-7768-4608-98F7-88EBDC58A948}.Debug|iPhoneSimulator.Build.0 = Debug|iPhoneSimulator
		{FA1ED759-7768-4608-98F7-88EBDC58A948}.Debug|iPhoneSimulator.Deploy.0 = Debug|iPhoneSimulator
		{FA1ED759-7768-4608-98F7-88EBDC58A948}.Debug|x64.ActiveCfg = Debug|iPhone
		{FA1ED759-7768-4608-98F7-88EBDC58A948}.Debug|x64.Build.0 = Debug|iPhone
		{FA1ED759-7768-4608-98F7-88EBDC58A948}.Debug|x64.Deploy.0 = Debug|iPhone
		{FA1ED759-7768-4608-98F7-88EBDC58A948}.Debug|x86.ActiveCfg = Debug|iPhone
		{FA1ED759-7768-4608-98F7-88EBDC58A948}.Debug|x86.Build.0 = Debug|iPhone
		{FA1ED759-7768-4608-98F7-88EBDC58A948}.Debug|x86.Deploy.0 = Debug|iPhone
		{FA1ED759-7768-4608-98F7-88EBDC58A948}.Release|Any CPU.ActiveCfg = Release|iPhone
		{FA1ED759-7768-4608-98F7-88EBDC58A948}.Release|Any CPU.Build.0 = Release|iPhone
		{FA1ED759-7768-4608-98F7-88EBDC58A948}.Release|Any CPU.Deploy.0 = Release|iPhone
		{FA1ED759-7768-4608-98F7-88EBDC58A948}.Release|ARM.ActiveCfg = Release|iPhone
		{FA1ED759-7768-4608-98F7-88EBDC58A948}.Release|ARM.Build.0 = Release|iPhone
		{FA1ED759-7768-4608-98F7-88EBDC58A948}.Release|ARM.Deploy.0 = Release|iPhone
		{FA1ED759-7768-4608-98F7-88EBDC58A948}.Release|iPhone.ActiveCfg = Release|iPhone
		{FA1ED759-7768-4608-98F7-88EBDC58A948}.Release|iPhone.Build.0 = Release|iPhone
		{FA1ED759-7768-4608-98F7-88EBDC58A948}.Release|iPhone.Deploy.0 = Release|iPhone
		{FA1ED759-7768-4608-98F7-88EBDC58A948}.Release|iPhoneSimulator.ActiveCfg = Release|iPhoneSimulator
		{FA1ED759-7768-4608-98F7-88EBDC58A948}.Release|iPhoneSimulator.Build.0 = Release|iPhoneSimulator
		{FA1ED759-7768-4608-98F7-88EBDC58A948}.Release|iPhoneSimulator.Deploy.0 = Release|iPhoneSimulator
		{FA1ED759-7768-4608-98F7-88EBDC58A948}.Release|x64.ActiveCfg = Release|iPhone
		{FA1ED759-7768-4608-98F7-88EBDC58A948}.Release|x64.Build.0 = Release|iPhone
		{FA1ED759-7768-4608-98F7-88EBDC58A948}.Release|x64.Deploy.0 = Release|iPhone
		{FA1ED759-7768-4608-98F7-88EBDC58A948}.Release|x86.ActiveCfg = Release|iPhone
		{FA1ED759-7768-4608-98F7-88EBDC58A948}.Release|x86.Build.0 = Release|iPhone
		{FA1ED759-7768-4608-98F7-88EBDC58A948}.Release|x86.Deploy.0 = Release|iPhone
		{9E2500CD-BA8C-489B-A6A3-7A887326117B}.Ad-Hoc|Any CPU.ActiveCfg = Release|x86
		{9E2500CD-BA8C-489B-A6A3-7A887326117B}.Ad-Hoc|Any CPU.Build.0 = Release|x86
		{9E2500CD-BA8C-489B-A6A3-7A887326117B}.Ad-Hoc|Any CPU.Deploy.0 = Release|x86
		{9E2500CD-BA8C-489B-A6A3-7A887326117B}.Ad-Hoc|ARM.ActiveCfg = Release|ARM
		{9E2500CD-BA8C-489B-A6A3-7A887326117B}.Ad-Hoc|ARM.Build.0 = Release|ARM
		{9E2500CD-BA8C-489B-A6A3-7A887326117B}.Ad-Hoc|ARM.Deploy.0 = Release|ARM
		{9E2500CD-BA8C-489B-A6A3-7A887326117B}.Ad-Hoc|iPhone.ActiveCfg = Release|x86
		{9E2500CD-BA8C-489B-A6A3-7A887326117B}.Ad-Hoc|iPhone.Build.0 = Release|x86
		{9E2500CD-BA8C-489B-A6A3-7A887326117B}.Ad-Hoc|iPhone.Deploy.0 = Release|x86
		{9E2500CD-BA8C-489B-A6A3-7A887326117B}.Ad-Hoc|iPhoneSimulator.ActiveCfg = Release|x86
		{9E2500CD-BA8C-489B-A6A3-7A887326117B}.Ad-Hoc|iPhoneSimulator.Build.0 = Release|x86
		{9E2500CD-BA8C-489B-A6A3-7A887326117B}.Ad-Hoc|iPhoneSimulator.Deploy.0 = Release|x86
		{9E2500CD-BA8C-489B-A6A3-7A887326117B}.Ad-Hoc|x64.ActiveCfg = Release|x64
		{9E2500CD-BA8C-489B-A6A3-7A887326117B}.Ad-Hoc|x64.Build.0 = Release|x64
		{9E2500CD-BA8C-489B-A6A3-7A887326117B}.Ad-Hoc|x64.Deploy.0 = Release|x64
		{9E2500CD-BA8C-489B-A6A3-7A887326117B}.Ad-Hoc|x86.ActiveCfg = Release|x86
		{9E2500CD-BA8C-489B-A6A3-7A887326117B}.Ad-Hoc|x86.Build.0 = Release|x86
		{9E2500CD-BA8C-489B-A6A3-7A887326117B}.Ad-Hoc|x86.Deploy.0 = Release|x86
		{9E2500CD-BA8C-489B-A6A3-7A887326117B}.AppStore|Any CPU.ActiveCfg = Release|x86
		{9E2500CD-BA8C-489B-A6A3-7A887326117B}.AppStore|Any CPU.Build.0 = Release|x86
		{9E2500CD-BA8C-489B-A6A3-7A887326117B}.AppStore|Any CPU.Deploy.0 = Release|x86
		{9E2500CD-BA8C-489B-A6A3-7A887326117B}.AppStore|ARM.ActiveCfg = Release|ARM
		{9E2500CD-BA8C-489B-A6A3-7A887326117B}.AppStore|ARM.Build.0 = Release|ARM
		{9E2500CD-BA8C-489B-A6A3-7A887326117B}.AppStore|ARM.Deploy.0 = Release|ARM
		{9E2500CD-BA8C-489B-A6A3-7A887326117B}.AppStore|iPhone.ActiveCfg = Release|x86
		{9E2500CD-BA8C-489B-A6A3-7A887326117B}.AppStore|iPhone.Build.0 = Release|x86
		{9E2500CD-BA8C-489B-A6A3-7A887326117B}.AppStore|iPhone.Deploy.0 = Release|x86
		{9E2500CD-BA8C-489B-A6A3-7A887326117B}.AppStore|iPhoneSimulator.ActiveCfg = Release|x86
		{9E2500CD-BA8C-489B-A6A3-7A887326117B}.AppStore|iPhoneSimulator.Build.0 = Release|x86
		{9E2500CD-BA8C-489B-A6A3-7A887326117B}.AppStore|iPhoneSimulator.Deploy.0 = Release|x86
		{9E2500CD-BA8C-489B-A6A3-7A887326117B}.AppStore|x64.ActiveCfg = Release|x64
		{9E2500CD-BA8C-489B-A6A3-7A887326117B}.AppStore|x64.Build.0 = Release|x64
		{9E2500CD-BA8C-489B-A6A3-7A887326117B}.AppStore|x64.Deploy.0 = Release|x64
		{9E2500CD-BA8C-489B-A6A3-7A887326117B}.AppStore|x86.ActiveCfg = Release|x86
		{9E2500CD-BA8C-489B-A6A3-7A887326117B}.AppStore|x86.Build.0 = Release|x86
		{9E2500CD-BA8C-489B-A6A3-7A887326117B}.AppStore|x86.Deploy.0 = Release|x86
		{9E2500CD-BA8C-489B-A6A3-7A887326117B}.Debug|Any CPU.ActiveCfg = Debug|x86
		{9E2500CD-BA8C-489B-A6A3-7A887326117B}.Debug|Any CPU.Build.0 = Debug|x86
		{9E2500CD-BA8C-489B-A6A3-7A887326117B}.Debug|Any CPU.Deploy.0 = Debug|x86
		{9E2500CD-BA8C-489B-A6A3-7A887326117B}.Debug|ARM.ActiveCfg = Debug|ARM
		{9E2500CD-BA8C-489B-A6A3-7A887326117B}.Debug|ARM.Build.0 = Debug|ARM
		{9E2500CD-BA8C-489B-A6A3-7A887326117B}.Debug|ARM.Deploy.0 = Debug|ARM
		{9E2500CD-BA8C-489B-A6A3-7A887326117B}.Debug|iPhone.ActiveCfg = Debug|x86
		{9E2500CD-BA8C-489B-A6A3-7A887326117B}.Debug|iPhone.Build.0 = Debug|x86
		{9E2500CD-BA8C-489B-A6A3-7A887326117B}.Debug|iPhone.Deploy.0 = Debug|x86
		{9E2500CD-BA8C-489B-A6A3-7A887326117B}.Debug|iPhoneSimulator.ActiveCfg = Debug|x86
		{9E2500CD-BA8C-489B-A6A3-7A887326117B}.Debug|iPhoneSimulator.Build.0 = Debug|x86
		{9E2500CD-BA8C-489B-A6A3-7A887326117B}.Debug|iPhoneSimulator.Deploy.0 = Debug|x86
		{9E2500CD-BA8C-489B-A6A3-7A887326117B}.Debug|x64.ActiveCfg = Debug|x64
		{9E2500CD-BA8C-489B-A6A3-7A887326117B}.Debug|x64.Build.0 = Debug|x64
		{9E2500CD-BA8C-489B-A6A3-7A887326117B}.Debug|x64.Deploy.0 = Debug|x64
		{9E2500CD-BA8C-489B-A6A3-7A887326117B}.Debug|x86.ActiveCfg = Debug|x86
		{9E2500CD-BA8C-489B-A6A3-7A887326117B}.Debug|x86.Build.0 = Debug|x86
		{9E2500CD-BA8C-489B-A6A3-7A887326117B}.Debug|x86.Deploy.0 = Debug|x86
		{9E2500CD-BA8C-489B-A6A3-7A887326117B}.Release|Any CPU.ActiveCfg = Release|x86
		{9E2500CD-BA8C-489B-A6A3-7A887326117B}.Release|Any CPU.Build.0 = Release|x86
		{9E2500CD-BA8C-489B-A6A3-7A887326117B}.Release|Any CPU.Deploy.0 = Release|x86
		{9E2500CD-BA8C-489B-A6A3-7A887326117B}.Release|ARM.ActiveCfg = Release|ARM
		{9E2500CD-BA8C-489B-A6A3-7A887326117B}.Release|ARM.Build.0 = Release|ARM
		{9E2500CD-BA8C-489B-A6A3-7A887326117B}.Release|ARM.Deploy.0 = Release|ARM
		{9E2500CD-BA8C-489B-A6A3-7A887326117B}.Release|iPhone.ActiveCfg = Release|x86
		{9E2500CD-BA8C-489B-A6A3-7A887326117B}.Release|iPhone.Build.0 = Release|x86
		{9E2500CD-BA8C-489B-A6A3-7A887326117B}.Release|iPhone.Deploy.0 = Release|x86
		{9E2500CD-BA8C-489B-A6A3-7A887326117B}.Release|iPhoneSimulator.ActiveCfg = Release|x86
		{9E2500CD-BA8C-489B-A6A3-7A887326117B}.Release|iPhoneSimulator.Build.0 = Release|x86
		{9E2500CD-BA8C-489B-A6A3-7A887326117B}.Release|iPhoneSimulator.Deploy.0 = Release|x86
		{9E2500CD-BA8C-489B-A6A3-7A887326117B}.Release|x64.ActiveCfg = Release|x64
		{9E2500CD-BA8C-489B-A6A3-7A887326117B}.Release|x64.Build.0 = Release|x64
		{9E2500CD-BA8C-489B-A6A3-7A887326117B}.Release|x64.Deploy.0 = Release|x64
		{9E2500CD-BA8C-489B-A6A3-7A887326117B}.Release|x86.ActiveCfg = Release|x86
		{9E2500CD-BA8C-489B-A6A3-7A887326117B}.Release|x86.Build.0 = Release|x86
		{9E2500CD-BA8C-489B-A6A3-7A887326117B}.Release|x86.Deploy.0 = Release|x86
		{4FA2B53A-E764-4658-B094-069EF8B286B8}.Ad-Hoc|Any CPU.ActiveCfg = Debug|Any CPU
		{4FA2B53A-E764-4658-B094-069EF8B286B8}.Ad-Hoc|Any CPU.Build.0 = Debug|Any CPU
		{4FA2B53A-E764-4658-B094-069EF8B286B8}.Ad-Hoc|Any CPU.Deploy.0 = Debug|Any CPU
		{4FA2B53A-E764-4658-B094-069EF8B286B8}.Ad-Hoc|ARM.ActiveCfg = Debug|Any CPU
		{4FA2B53A-E764-4658-B094-069EF8B286B8}.Ad-Hoc|ARM.Build.0 = Debug|Any CPU
		{4FA2B53A-E764-4658-B094-069EF8B286B8}.Ad-Hoc|ARM.Deploy.0 = Debug|Any CPU
		{4FA2B53A-E764-4658-B094-069EF8B286B8}.Ad-Hoc|iPhone.ActiveCfg = Debug|Any CPU
		{4FA2B53A-E764-4658-B094-069EF8B286B8}.Ad-Hoc|iPhone.Build.0 = Debug|Any CPU
		{4FA2B53A-E764-4658-B094-069EF8B286B8}.Ad-Hoc|iPhone.Deploy.0 = Debug|Any CPU
		{4FA2B53A-E764-4658-B094-069EF8B286B8}.Ad-Hoc|iPhoneSimulator.ActiveCfg = Debug|Any CPU
		{4FA2B53A-E764-4658-B094-069EF8B286B8}.Ad-Hoc|iPhoneSimulator.Build.0 = Debug|Any CPU
		{4FA2B53A-E764-4658-B094-069EF8B286B8}.Ad-Hoc|iPhoneSimulator.Deploy.0 = Debug|Any CPU
		{4FA2B53A-E764-4658-B094-069EF8B286B8}.Ad-Hoc|x64.ActiveCfg = Debug|Any CPU
		{4FA2B53A-E764-4658-B094-069EF8B286B8}.Ad-Hoc|x64.Build.0 = Debug|Any CPU
		{4FA2B53A-E764-4658-B094-069EF8B286B8}.Ad-Hoc|x64.Deploy.0 = Debug|Any CPU
		{4FA2B53A-E764-4658-B094-069EF8B286B8}.Ad-Hoc|x86.ActiveCfg = Debug|Any CPU
		{4FA2B53A-E764-4658-B094-069EF8B286B8}.Ad-Hoc|x86.Build.0 = Debug|Any CPU
		{4FA2B53A-E764-4658-B094-069EF8B286B8}.Ad-Hoc|x86.Deploy.0 = Debug|Any CPU
		{4FA2B53A-E764-4658-B094-069EF8B286B8}.AppStore|Any CPU.ActiveCfg = Debug|Any CPU
		{4FA2B53A-E764-4658-B094-069EF8B286B8}.AppStore|Any CPU.Build.0 = Debug|Any CPU
		{4FA2B53A-E764-4658-B094-069EF8B286B8}.AppStore|Any CPU.Deploy.0 = Debug|Any CPU
		{4FA2B53A-E764-4658-B094-069EF8B286B8}.AppStore|ARM.ActiveCfg = Debug|Any CPU
		{4FA2B53A-E764-4658-B094-069EF8B286B8}.AppStore|ARM.Build.0 = Debug|Any CPU
		{4FA2B53A-E764-4658-B094-069EF8B286B8}.AppStore|ARM.Deploy.0 = Debug|Any CPU
		{4FA2B53A-E764-4658-B094-069EF8B286B8}.AppStore|iPhone.ActiveCfg = Debug|Any CPU
		{4FA2B53A-E764-4658-B094-069EF8B286B8}.AppStore|iPhone.Build.0 = Debug|Any CPU
		{4FA2B53A-E764-4658-B094-069EF8B286B8}.AppStore|iPhone.Deploy.0 = Debug|Any CPU
		{4FA2B53A-E764-4658-B094-069EF8B286B8}.AppStore|iPhoneSimulator.ActiveCfg = Debug|Any CPU
		{4FA2B53A-E764-4658-B094-069EF8B286B8}.AppStore|iPhoneSimulator.Build.0 = Debug|Any CPU
		{4FA2B53A-E764-4658-B094-069EF8B286B8}.AppStore|iPhoneSimulator.Deploy.0 = Debug|Any CPU
		{4FA2B53A-E764-4658-B094-069EF8B286B8}.AppStore|x64.ActiveCfg = Debug|Any CPU
		{4FA2B53A-E764-4658-B094-069EF8B286B8}.AppStore|x64.Build.0 = Debug|Any CPU
		{4FA2B53A-E764-4658-B094-069EF8B286B8}.AppStore|x64.Deploy.0 = Debug|Any CPU
		{4FA2B53A-E764-4658-B094-069EF8B286B8}.AppStore|x86.ActiveCfg = Debug|Any CPU
		{4FA2B53A-E764-4658-B094-069EF8B286B8}.AppStore|x86.Build.0 = Debug|Any CPU
		{4FA2B53A-E764-4658-B094-069EF8B286B8}.AppStore|x86.Deploy.0 = Debug|Any CPU
		{4FA2B53A-E764-4658-B094-069EF8B286B8}.Debug|Any CPU.ActiveCfg = Debug|Any CPU
		{4FA2B53A-E764-4658-B094-069EF8B286B8}.Debug|Any CPU.Build.0 = Debug|Any CPU
		{4FA2B53A-E764-4658-B094-069EF8B286B8}.Debug|Any CPU.Deploy.0 = Debug|Any CPU
		{4FA2B53A-E764-4658-B094-069EF8B286B8}.Debug|ARM.ActiveCfg = Debug|Any CPU
		{4FA2B53A-E764-4658-B094-069EF8B286B8}.Debug|ARM.Build.0 = Debug|Any CPU
		{4FA2B53A-E764-4658-B094-069EF8B286B8}.Debug|ARM.Deploy.0 = Debug|Any CPU
		{4FA2B53A-E764-4658-B094-069EF8B286B8}.Debug|iPhone.ActiveCfg = Debug|Any CPU
		{4FA2B53A-E764-4658-B094-069EF8B286B8}.Debug|iPhone.Build.0 = Debug|Any CPU
		{4FA2B53A-E764-4658-B094-069EF8B286B8}.Debug|iPhone.Deploy.0 = Debug|Any CPU
		{4FA2B53A-E764-4658-B094-069EF8B286B8}.Debug|iPhoneSimulator.ActiveCfg = Debug|Any CPU
		{4FA2B53A-E764-4658-B094-069EF8B286B8}.Debug|iPhoneSimulator.Build.0 = Debug|Any CPU
		{4FA2B53A-E764-4658-B094-069EF8B286B8}.Debug|iPhoneSimulator.Deploy.0 = Debug|Any CPU
		{4FA2B53A-E764-4658-B094-069EF8B286B8}.Debug|x64.ActiveCfg = Debug|Any CPU
		{4FA2B53A-E764-4658-B094-069EF8B286B8}.Debug|x64.Build.0 = Debug|Any CPU
		{4FA2B53A-E764-4658-B094-069EF8B286B8}.Debug|x64.Deploy.0 = Debug|Any CPU
		{4FA2B53A-E764-4658-B094-069EF8B286B8}.Debug|x86.ActiveCfg = Debug|Any CPU
		{4FA2B53A-E764-4658-B094-069EF8B286B8}.Debug|x86.Build.0 = Debug|Any CPU
		{4FA2B53A-E764-4658-B094-069EF8B286B8}.Debug|x86.Deploy.0 = Debug|Any CPU
		{4FA2B53A-E764-4658-B094-069EF8B286B8}.Release|Any CPU.ActiveCfg = Release|Any CPU
		{4FA2B53A-E764-4658-B094-069EF8B286B8}.Release|Any CPU.Build.0 = Release|Any CPU
		{4FA2B53A-E764-4658-B094-069EF8B286B8}.Release|Any CPU.Deploy.0 = Release|Any CPU
		{4FA2B53A-E764-4658-B094-069EF8B286B8}.Release|ARM.ActiveCfg = Release|Any CPU
		{4FA2B53A-E764-4658-B094-069EF8B286B8}.Release|ARM.Build.0 = Release|Any CPU
		{4FA2B53A-E764-4658-B094-069EF8B286B8}.Release|ARM.Deploy.0 = Release|Any CPU
		{4FA2B53A-E764-4658-B094-069EF8B286B8}.Release|iPhone.ActiveCfg = Release|Any CPU
		{4FA2B53A-E764-4658-B094-069EF8B286B8}.Release|iPhone.Build.0 = Release|Any CPU
		{4FA2B53A-E764-4658-B094-069EF8B286B8}.Release|iPhone.Deploy.0 = Release|Any CPU
		{4FA2B53A-E764-4658-B094-069EF8B286B8}.Release|iPhoneSimulator.ActiveCfg = Release|Any CPU
		{4FA2B53A-E764-4658-B094-069EF8B286B8}.Release|iPhoneSimulator.Build.0 = Release|Any CPU
		{4FA2B53A-E764-4658-B094-069EF8B286B8}.Release|iPhoneSimulator.Deploy.0 = Release|Any CPU
		{4FA2B53A-E764-4658-B094-069EF8B286B8}.Release|x64.ActiveCfg = Release|Any CPU
		{4FA2B53A-E764-4658-B094-069EF8B286B8}.Release|x64.Build.0 = Release|Any CPU
		{4FA2B53A-E764-4658-B094-069EF8B286B8}.Release|x64.Deploy.0 = Release|Any CPU
		{4FA2B53A-E764-4658-B094-069EF8B286B8}.Release|x86.ActiveCfg = Release|Any CPU
		{4FA2B53A-E764-4658-B094-069EF8B286B8}.Release|x86.Build.0 = Release|Any CPU
		{4FA2B53A-E764-4658-B094-069EF8B286B8}.Release|x86.Deploy.0 = Release|Any CPU
		{78E0617B-D4C9-45C3-A4A6-0F970ADD0BAE}.Ad-Hoc|Any CPU.ActiveCfg = Debug|Any CPU
		{78E0617B-D4C9-45C3-A4A6-0F970ADD0BAE}.Ad-Hoc|Any CPU.Build.0 = Debug|Any CPU
		{78E0617B-D4C9-45C3-A4A6-0F970ADD0BAE}.Ad-Hoc|ARM.ActiveCfg = Debug|Any CPU
		{78E0617B-D4C9-45C3-A4A6-0F970ADD0BAE}.Ad-Hoc|ARM.Build.0 = Debug|Any CPU
		{78E0617B-D4C9-45C3-A4A6-0F970ADD0BAE}.Ad-Hoc|iPhone.ActiveCfg = Debug|Any CPU
		{78E0617B-D4C9-45C3-A4A6-0F970ADD0BAE}.Ad-Hoc|iPhone.Build.0 = Debug|Any CPU
		{78E0617B-D4C9-45C3-A4A6-0F970ADD0BAE}.Ad-Hoc|iPhoneSimulator.ActiveCfg = Debug|Any CPU
		{78E0617B-D4C9-45C3-A4A6-0F970ADD0BAE}.Ad-Hoc|iPhoneSimulator.Build.0 = Debug|Any CPU
		{78E0617B-D4C9-45C3-A4A6-0F970ADD0BAE}.Ad-Hoc|x64.ActiveCfg = Debug|Any CPU
		{78E0617B-D4C9-45C3-A4A6-0F970ADD0BAE}.Ad-Hoc|x64.Build.0 = Debug|Any CPU
		{78E0617B-D4C9-45C3-A4A6-0F970ADD0BAE}.Ad-Hoc|x86.ActiveCfg = Debug|Any CPU
		{78E0617B-D4C9-45C3-A4A6-0F970ADD0BAE}.Ad-Hoc|x86.Build.0 = Debug|Any CPU
		{78E0617B-D4C9-45C3-A4A6-0F970ADD0BAE}.AppStore|Any CPU.ActiveCfg = Debug|Any CPU
		{78E0617B-D4C9-45C3-A4A6-0F970ADD0BAE}.AppStore|Any CPU.Build.0 = Debug|Any CPU
		{78E0617B-D4C9-45C3-A4A6-0F970ADD0BAE}.AppStore|ARM.ActiveCfg = Debug|Any CPU
		{78E0617B-D4C9-45C3-A4A6-0F970ADD0BAE}.AppStore|ARM.Build.0 = Debug|Any CPU
		{78E0617B-D4C9-45C3-A4A6-0F970ADD0BAE}.AppStore|iPhone.ActiveCfg = Debug|Any CPU
		{78E0617B-D4C9-45C3-A4A6-0F970ADD0BAE}.AppStore|iPhone.Build.0 = Debug|Any CPU
		{78E0617B-D4C9-45C3-A4A6-0F970ADD0BAE}.AppStore|iPhoneSimulator.ActiveCfg = Debug|Any CPU
		{78E0617B-D4C9-45C3-A4A6-0F970ADD0BAE}.AppStore|iPhoneSimulator.Build.0 = Debug|Any CPU
		{78E0617B-D4C9-45C3-A4A6-0F970ADD0BAE}.AppStore|x64.ActiveCfg = Debug|Any CPU
		{78E0617B-D4C9-45C3-A4A6-0F970ADD0BAE}.AppStore|x64.Build.0 = Debug|Any CPU
		{78E0617B-D4C9-45C3-A4A6-0F970ADD0BAE}.AppStore|x86.ActiveCfg = Debug|Any CPU
		{78E0617B-D4C9-45C3-A4A6-0F970ADD0BAE}.AppStore|x86.Build.0 = Debug|Any CPU
		{78E0617B-D4C9-45C3-A4A6-0F970ADD0BAE}.Debug|Any CPU.ActiveCfg = Debug|Any CPU
		{78E0617B-D4C9-45C3-A4A6-0F970ADD0BAE}.Debug|Any CPU.Build.0 = Debug|Any CPU
		{78E0617B-D4C9-45C3-A4A6-0F970ADD0BAE}.Debug|ARM.ActiveCfg = Debug|Any CPU
		{78E0617B-D4C9-45C3-A4A6-0F970ADD0BAE}.Debug|ARM.Build.0 = Debug|Any CPU
		{78E0617B-D4C9-45C3-A4A6-0F970ADD0BAE}.Debug|iPhone.ActiveCfg = Debug|Any CPU
		{78E0617B-D4C9-45C3-A4A6-0F970ADD0BAE}.Debug|iPhone.Build.0 = Debug|Any CPU
		{78E0617B-D4C9-45C3-A4A6-0F970ADD0BAE}.Debug|iPhoneSimulator.ActiveCfg = Debug|Any CPU
		{78E0617B-D4C9-45C3-A4A6-0F970ADD0BAE}.Debug|iPhoneSimulator.Build.0 = Debug|Any CPU
		{78E0617B-D4C9-45C3-A4A6-0F970ADD0BAE}.Debug|x64.ActiveCfg = Debug|Any CPU
		{78E0617B-D4C9-45C3-A4A6-0F970ADD0BAE}.Debug|x64.Build.0 = Debug|Any CPU
		{78E0617B-D4C9-45C3-A4A6-0F970ADD0BAE}.Debug|x86.ActiveCfg = Debug|Any CPU
		{78E0617B-D4C9-45C3-A4A6-0F970ADD0BAE}.Debug|x86.Build.0 = Debug|Any CPU
		{78E0617B-D4C9-45C3-A4A6-0F970ADD0BAE}.Release|Any CPU.ActiveCfg = Release|Any CPU
		{78E0617B-D4C9-45C3-A4A6-0F970ADD0BAE}.Release|Any CPU.Build.0 = Release|Any CPU
		{78E0617B-D4C9-45C3-A4A6-0F970ADD0BAE}.Release|ARM.ActiveCfg = Release|Any CPU
		{78E0617B-D4C9-45C3-A4A6-0F970ADD0BAE}.Release|ARM.Build.0 = Release|Any CPU
		{78E0617B-D4C9-45C3-A4A6-0F970ADD0BAE}.Release|iPhone.ActiveCfg = Release|Any CPU
		{78E0617B-D4C9-45C3-A4A6-0F970ADD0BAE}.Release|iPhone.Build.0 = Release|Any CPU
		{78E0617B-D4C9-45C3-A4A6-0F970ADD0BAE}.Release|iPhoneSimulator.ActiveCfg = Release|Any CPU
		{78E0617B-D4C9-45C3-A4A6-0F970ADD0BAE}.Release|iPhoneSimulator.Build.0 = Release|Any CPU
		{78E0617B-D4C9-45C3-A4A6-0F970ADD0BAE}.Release|x64.ActiveCfg = Release|Any CPU
		{78E0617B-D4C9-45C3-A4A6-0F970ADD0BAE}.Release|x64.Build.0 = Release|Any CPU
		{78E0617B-D4C9-45C3-A4A6-0F970ADD0BAE}.Release|x86.ActiveCfg = Release|Any CPU
		{78E0617B-D4C9-45C3-A4A6-0F970ADD0BAE}.Release|x86.Build.0 = Release|Any CPU
	EndGlobalSection
	GlobalSection(SolutionProperties) = preSolution
		HideSolutionNode = FALSE
	EndGlobalSection
	GlobalSection(ExtensibilityGlobals) = postSolution
		SolutionGuid = {DD469D94-1D42-4725-8942-31D7954097B2}
	EndGlobalSection
EndGlobal
